
Microsoft Visual Studio Solution File, Format Version 12.00
# Visual Studio Version 17
VisualStudioVersion = 17.0.31903.59
MinimumVisualStudioVersion = 10.0.40219.1
Project("{2150E333-8FDC-42A3-9474-1A3956D46DE8}") = "src", "src", "{827E0CD3-B72D-47B6-A68D-7590B98EB39B}"
EndProject
Project("{FAE04EC0-301F-11D3-BF4B-00C04F79EFBC}") = "ClinicHub.Domain", "src\ClinicHub.Domain\ClinicHub.Domain.csproj", "{8E57A202-AE21-4713-A0BA-4697D5BF56BC}"
EndProject
Project("{FAE04EC0-301F-11D3-BF4B-00C04F79EFBC}") = "ClinicHub.Application", "src\ClinicHub.Application\ClinicHub.Application.csproj", "{E4DC9E0F-D5FB-45F6-A479-A1E54CB48751}"
EndProject
Project("{FAE04EC0-301F-11D3-BF4B-00C04F79EFBC}") = "ClinicHub.Infrastructure", "src\ClinicHub.Infrastructure\ClinicHub.Infrastructure.csproj", "{A9B7E224-F5FD-46A3-B656-8C4DB6975232}"
EndProject
Project("{FAE04EC0-301F-11D3-BF4B-00C04F79EFBC}") = "ClinicHub.API", "src\ClinicHub.API\ClinicHub.API.csproj", "{4C2940B2-5414-4DB0-85F9-DE93A76B0EBA}"
EndProject
Project("{FAE04EC0-301F-11D3-BF4B-00C04F79EFBC}") = "ClinicHub.Notifications.Worker", "src\ClinicHub.Notifications.Worker\ClinicHub.Notifications.Worker.csproj", "{DC5FF46D-6276-4B33-8CFF-FAC205C47F68}"
EndProject
Project("{2150E333-8FDC-42A3-9474-1A3956D46DE8}") = "tests", "tests", "{0AB3BF05-4346-4AA6-1389-037BE0695223}"
EndProject
Project("{FAE04EC0-301F-11D3-BF4B-00C04F79EFBC}") = "ClinicHub.Domain.Tests", "tests\ClinicHub.Domain.Tests\ClinicHub.Domain.Tests.csproj", "{4476658C-1A42-4A9E-BBAA-B8933AF7D842}"
EndProject
Project("{FAE04EC0-301F-11D3-BF4B-00C04F79EFBC}") = "ClinicHub.Application.Tests", "tests\ClinicHub.Application.Tests\ClinicHub.Application.Tests.csproj", "{B5B43460-B69A-4D4D-B6FB-2538D8F0B4E9}"
EndProject
Project("{FAE04EC0-301F-11D3-BF4B-00C04F79EFBC}") = "ClinicHub.Infrastructure.Tests", "tests\ClinicHub.Infrastructure.Tests\ClinicHub.Infrastructure.Tests.csproj", "{DD8D2991-5A58-4705-93B9-69194506E99F}"
EndProject
Project("{FAE04EC0-301F-11D3-BF4B-00C04F79EFBC}") = "ClinicHub.API.IntegrationTests", "tests\ClinicHub.API.IntegrationTests\ClinicHub.API.IntegrationTests.csproj", "{0564BCAC-88FE-495C-BDB6-F4E0A10FAC7C}"
EndProject
Global
	GlobalSection(SolutionConfigurationPlatforms) = preSolution
		Debug|Any CPU = Debug|Any CPU
		Debug|x64 = Debug|x64
		Debug|x86 = Debug|x86
		Release|Any CPU = Release|Any CPU
		Release|x64 = Release|x64
		Release|x86 = Release|x86
	EndGlobalSection
	GlobalSection(ProjectConfigurationPlatforms) = postSolution
		{8E57A202-AE21-4713-A0BA-4697D5BF56BC}.Debug|Any CPU.ActiveCfg = Debug|Any CPU
		{8E57A202-AE21-4713-A0BA-4697D5BF56BC}.Debug|Any CPU.Build.0 = Debug|Any CPU
		{8E57A202-AE21-4713-A0BA-4697D5BF56BC}.Debug|x64.ActiveCfg = Debug|Any CPU
		{8E57A202-AE21-4713-A0BA-4697D5BF56BC}.Debug|x64.Build.0 = Debug|Any CPU
		{8E57A202-AE21-4713-A0BA-4697D5BF56BC}.Debug|x86.ActiveCfg = Debug|Any CPU
		{8E57A202-AE21-4713-A0BA-4697D5BF56BC}.Debug|x86.Build.0 = Debug|Any CPU
		{8E57A202-AE21-4713-A0BA-4697D5BF56BC}.Release|Any CPU.ActiveCfg = Release|Any CPU
		{8E57A202-AE21-4713-A0BA-4697D5BF56BC}.Release|Any CPU.Build.0 = Release|Any CPU
		{8E57A202-AE21-4713-A0BA-4697D5BF56BC}.Release|x64.ActiveCfg = Release|Any CPU
		{8E57A202-AE21-4713-A0BA-4697D5BF56BC}.Release|x64.Build.0 = Release|Any CPU
		{8E57A202-AE21-4713-A0BA-4697D5BF56BC}.Release|x86.ActiveCfg = Release|Any CPU
		{8E57A202-AE21-4713-A0BA-4697D5BF56BC}.Release|x86.Build.0 = Release|Any CPU
		{E4DC9E0F-D5FB-45F6-A479-A1E54CB48751}.Debug|Any CPU.ActiveCfg = Debug|Any CPU
		{E4DC9E0F-D5FB-45F6-A479-A1E54CB48751}.Debug|Any CPU.Build.0 = Debug|Any CPU
		{E4DC9E0F-D5FB-45F6-A479-A1E54CB48751}.Debug|x64.ActiveCfg = Debug|Any CPU
		{E4DC9E0F-D5FB-45F6-A479-A1E54CB48751}.Debug|x64.Build.0 = Debug|Any CPU
		{E4DC9E0F-D5FB-45F6-A479-A1E54CB48751}.Debug|x86.ActiveCfg = Debug|Any CPU
		{E4DC9E0F-D5FB-45F6-A479-A1E54CB48751}.Debug|x86.Build.0 = Debug|Any CPU
		{E4DC9E0F-D5FB-45F6-A479-A1E54CB48751}.Release|Any CPU.ActiveCfg = Release|Any CPU
		{E4DC9E0F-D5FB-45F6-A479-A1E54CB48751}.Release|Any CPU.Build.0 = Release|Any CPU
		{E4DC9E0F-D5FB-45F6-A479-A1E54CB48751}.Release|x64.ActiveCfg = Release|Any CPU
		{E4DC9E0F-D5FB-45F6-A479-A1E54CB48751}.Release|x64.Build.0 = Release|Any CPU
		{E4DC9E0F-D5FB-45F6-A479-A1E54CB48751}.Release|x86.ActiveCfg = Release|Any CPU
		{E4DC9E0F-D5FB-45F6-A479-A1E54CB48751}.Release|x86.Build.0 = Release|Any CPU
		{A9B7E224-F5FD-46A3-B656-8C4DB6975232}.Debug|Any CPU.ActiveCfg = Debug|Any CPU
		{A9B7E224-F5FD-46A3-B656-8C4DB6975232}.Debug|Any CPU.Build.0 = Debug|Any CPU
		{A9B7E224-F5FD-46A3-B656-8C4DB6975232}.Debug|x64.ActiveCfg = Debug|Any CPU
		{A9B7E224-F5FD-46A3-B656-8C4DB6975232}.Debug|x64.Build.0 = Debug|Any CPU
		{A9B7E224-F5FD-46A3-B656-8C4DB6975232}.Debug|x86.ActiveCfg = Debug|Any CPU
		{A9B7E224-F5FD-46A3-B656-8C4DB6975232}.Debug|x86.Build.0 = Debug|Any CPU
		{A9B7E224-F5FD-46A3-B656-8C4DB6975232}.Release|Any CPU.ActiveCfg = Release|Any CPU
		{A9B7E224-F5FD-46A3-B656-8C4DB6975232}.Release|Any CPU.Build.0 = Release|Any CPU
		{A9B7E224-F5FD-46A3-B656-8C4DB6975232}.Release|x64.ActiveCfg = Release|Any CPU
		{A9B7E224-F5FD-46A3-B656-8C4DB6975232}.Release|x64.Build.0 = Release|Any CPU
		{A9B7E224-F5FD-46A3-B656-8C4DB6975232}.Release|x86.ActiveCfg = Release|Any CPU
		{A9B7E224-F5FD-46A3-B656-8C4DB6975232}.Release|x86.Build.0 = Release|Any CPU
		{4C2940B2-5414-4DB0-85F9-DE93A76B0EBA}.Debug|Any CPU.ActiveCfg = Debug|Any CPU
		{4C2940B2-5414-4DB0-85F9-DE93A76B0EBA}.Debug|Any CPU.Build.0 = Debug|Any CPU
		{4C2940B2-5414-4DB0-85F9-DE93A76B0EBA}.Debug|x64.ActiveCfg = Debug|Any CPU
		{4C2940B2-5414-4DB0-85F9-DE93A76B0EBA}.Debug|x64.Build.0 = Debug|Any CPU
		{4C2940B2-5414-4DB0-85F9-DE93A76B0EBA}.Debug|x86.ActiveCfg = Debug|Any CPU
		{4C2940B2-5414-4DB0-85F9-DE93A76B0EBA}.Debug|x86.Build.0 = Debug|Any CPU
		{4C2940B2-5414-4DB0-85F9-DE93A76B0EBA}.Release|Any CPU.ActiveCfg = Release|Any CPU
		{4C2940B2-5414-4DB0-85F9-DE93A76B0EBA}.Release|Any CPU.Build.0 = Release|Any CPU
		{4C2940B2-5414-4DB0-85F9-DE93A76B0EBA}.Release|x64.ActiveCfg = Release|Any CPU
		{4C2940B2-5414-4DB0-85F9-DE93A76B0EBA}.Release|x64.Build.0 = Release|Any CPU
		{4C2940B2-5414-4DB0-85F9-DE93A76B0EBA}.Release|x86.ActiveCfg = Release|Any CPU
		{4C2940B2-5414-4DB0-85F9-DE93A76B0EBA}.Release|x86.Build.0 = Release|Any CPU
		{DC5FF46D-6276-4B33-8CFF-FAC205C47F68}.Debug|Any CPU.ActiveCfg = Debug|Any CPU
		{DC5FF46D-6276-4B33-8CFF-FAC205C47F68}.Debug|Any CPU.Build.0 = Debug|Any CPU
		{DC5FF46D-6276-4B33-8CFF-FAC205C47F68}.Debug|x64.ActiveCfg = Debug|Any CPU
		{DC5FF46D-6276-4B33-8CFF-FAC205C47F68}.Debug|x64.Build.0 = Debug|Any CPU
		{DC5FF46D-6276-4B33-8CFF-FAC205C47F68}.Debug|x86.ActiveCfg = Debug|Any CPU
		{DC5FF46D-6276-4B33-8CFF-FAC205C47F68}.Debug|x86.Build.0 = Debug|Any CPU
		{DC5FF46D-6276-4B33-8CFF-FAC205C47F68}.Release|Any CPU.ActiveCfg = Release|Any CPU
		{DC5FF46D-6276-4B33-8CFF-FAC205C47F68}.Release|Any CPU.Build.0 = Release|Any CPU
		{DC5FF46D-6276-4B33-8CFF-FAC205C47F68}.Release|x64.ActiveCfg = Release|Any CPU
		{DC5FF46D-6276-4B33-8CFF-FAC205C47F68}.Release|x64.Build.0 = Release|Any CPU
		{DC5FF46D-6276-4B33-8CFF-FAC205C47F68}.Release|x86.ActiveCfg = Release|Any CPU
		{DC5FF46D-6276-4B33-8CFF-FAC205C47F68}.Release|x86.Build.0 = Release|Any CPU
		{4476658C-1A42-4A9E-BBAA-B8933AF7D842}.Debug|Any CPU.ActiveCfg = Debug|Any CPU
		{4476658C-1A42-4A9E-BBAA-B8933AF7D842}.Debug|Any CPU.Build.0 = Debug|Any CPU
		{4476658C-1A42-4A9E-BBAA-B8933AF7D842}.Debug|x64.ActiveCfg = Debug|Any CPU
		{4476658C-1A42-4A9E-BBAA-B8933AF7D842}.Debug|x64.Build.0 = Debug|Any CPU
		{4476658C-1A42-4A9E-BBAA-B8933AF7D842}.Debug|x86.ActiveCfg = Debug|Any CPU
		{4476658C-1A42-4A9E-BBAA-B8933AF7D842}.Debug|x86.Build.0 = Debug|Any CPU
		{4476658C-1A42-4A9E-BBAA-B8933AF7D842}.Release|Any CPU.ActiveCfg = Release|Any CPU
		{4476658C-1A42-4A9E-BBAA-B8933AF7D842}.Release|Any CPU.Build.0 = Release|Any CPU
		{4476658C-1A42-4A9E-BBAA-B8933AF7D842}.Release|x64.ActiveCfg = Release|Any CPU
		{4476658C-1A42-4A9E-BBAA-B8933AF7D842}.Release|x64.Build.0 = Release|Any CPU
		{4476658C-1A42-4A9E-BBAA-B8933AF7D842}.Release|x86.ActiveCfg = Release|Any CPU
		{4476658C-1A42-4A9E-BBAA-B8933AF7D842}.Release|x86.Build.0 = Release|Any CPU
		{B5B43460-B69A-4D4D-B6FB-2538D8F0B4E9}.Debug|Any CPU.ActiveCfg = Debug|Any CPU
		{B5B43460-B69A-4D4D-B6FB-2538D8F0B4E9}.Debug|Any CPU.Build.0 = Debug|Any CPU
		{B5B43460-B69A-4D4D-B6FB-2538D8F0B4E9}.Debug|x64.ActiveCfg = Debug|Any CPU
		{B5B43460-B69A-4D4D-B6FB-2538D8F0B4E9}.Debug|x64.Build.0 = Debug|Any CPU
		{B5B43460-B69A-4D4D-B6FB-2538D8F0B4E9}.Debug|x86.ActiveCfg = Debug|Any CPU
		{B5B43460-B69A-4D4D-B6FB-2538D8F0B4E9}.Debug|x86.Build.0 = Debug|Any CPU
		{B5B43460-B69A-4D4D-B6FB-2538D8F0B4E9}.Release|Any CPU.ActiveCfg = Release|Any CPU
		{B5B43460-B69A-4D4D-B6FB-2538D8F0B4E9}.Release|Any CPU.Build.0 = Release|Any CPU
		{B5B43460-B69A-4D4D-B6FB-2538D8F0B4E9}.Release|x64.ActiveCfg = Release|Any CPU
		{B5B43460-B69A-4D4D-B6FB-2538D8F0B4E9}.Release|x64.Build.0 = Release|Any CPU
		{B5B43460-B69A-4D4D-B6FB-2538D8F0B4E9}.Release|x86.ActiveCfg = Release|Any CPU
		{B5B43460-B69A-4D4D-B6FB-2538D8F0B4E9}.Release|x86.Build.0 = Release|Any CPU
		{DD8D2991-5A58-4705-93B9-69194506E99F}.Debug|Any CPU.ActiveCfg = Debug|Any CPU
		{DD8D2991-5A58-4705-93B9-69194506E99F}.Debug|Any CPU.Build.0 = Debug|Any CPU
		{DD8D2991-5A58-4705-93B9-69194506E99F}.Debug|x64.ActiveCfg = Debug|Any CPU
		{DD8D2991-5A58-4705-93B9-69194506E99F}.Debug|x64.Build.0 = Debug|Any CPU
		{DD8D2991-5A58-4705-93B9-69194506E99F}.Debug|x86.ActiveCfg = Debug|Any CPU
		{DD8D2991-5A58-4705-93B9-69194506E99F}.Debug|x86.Build.0 = Debug|Any CPU
		{DD8D2991-5A58-4705-93B9-69194506E99F}.Release|Any CPU.ActiveCfg = Release|Any CPU
		{DD8D2991-5A58-4705-93B9-69194506E99F}.Release|Any CPU.Build.0 = Release|Any CPU
		{DD8D2991-5A58-4705-93B9-69194506E99F}.Release|x64.ActiveCfg = Release|Any CPU
		{DD8D2991-5A58-4705-93B9-69194506E99F}.Release|x64.Build.0 = Release|Any CPU
		{DD8D2991-5A58-4705-93B9-69194506E99F}.Release|x86.ActiveCfg = Release|Any CPU
		{DD8D2991-5A58-4705-93B9-69194506E99F}.Release|x86.Build.0 = Release|Any CPU
		{0564BCAC-88FE-495C-BDB6-F4E0A10FAC7C}.Debug|Any CPU.ActiveCfg = Debug|Any CPU
		{0564BCAC-88FE-495C-BDB6-F4E0A10FAC7C}.Debug|Any CPU.Build.0 = Debug|Any CPU
		{0564BCAC-88FE-495C-BDB6-F4E0A10FAC7C}.Debug|x64.ActiveCfg = Debug|Any CPU
		{0564BCAC-88FE-495C-BDB6-F4E0A10FAC7C}.Debug|x64.Build.0 = Debug|Any CPU
		{0564BCAC-88FE-495C-BDB6-F4E0A10FAC7C}.Debug|x86.ActiveCfg = Debug|Any CPU
		{0564BCAC-88FE-495C-BDB6-F4E0A10FAC7C}.Debug|x86.Build.0 = Debug|Any CPU
		{0564BCAC-88FE-495C-BDB6-F4E0A10FAC7C}.Release|Any CPU.ActiveCfg = Release|Any CPU
		{0564BCAC-88FE-495C-BDB6-F4E0A10FAC7C}.Release|Any CPU.Build.0 = Release|Any CPU
		{0564BCAC-88FE-495C-BDB6-F4E0A10FAC7C}.Release|x64.ActiveCfg = Release|Any CPU
		{0564BCAC-88FE-495C-BDB6-F4E0A10FAC7C}.Release|x64.Build.0 = Release|Any CPU
		{0564BCAC-88FE-495C-BDB6-F4E0A10FAC7C}.Release|x86.ActiveCfg = Release|Any CPU
		{0564BCAC-88FE-495C-BDB6-F4E0A10FAC7C}.Release|x86.Build.0 = Release|Any CPU
	EndGlobalSection
	GlobalSection(SolutionProperties) = preSolution
		HideSolutionNode = FALSE
	EndGlobalSection
	GlobalSection(NestedProjects) = preSolution
		{8E57A202-AE21-4713-A0BA-4697D5BF56BC} = {827E0CD3-B72D-47B6-A68D-7590B98EB39B}
		{E4DC9E0F-D5FB-45F6-A479-A1E54CB48751} = {827E0CD3-B72D-47B6-A68D-7590B98EB39B}
		{A9B7E224-F5FD-46A3-B656-8C4DB6975232} = {827E0CD3-B72D-47B6-A68D-7590B98EB39B}
		{4C2940B2-5414-4DB0-85F9-DE93A76B0EBA} = {827E0CD3-B72D-47B6-A68D-7590B98EB39B}
		{DC5FF46D-6276-4B33-8CFF-FAC205C47F68} = {827E0CD3-B72D-47B6-A68D-7590B98EB39B}
		{4476658C-1A42-4A9E-BBAA-B8933AF7D842} = {0AB3BF05-4346-4AA6-1389-037BE0695223}
		{B5B43460-B69A-4D4D-B6FB-2538D8F0B4E9} = {0AB3BF05-4346-4AA6-1389-037BE0695223}
		{DD8D2991-5A58-4705-93B9-69194506E99F} = {0AB3BF05-4346-4AA6-1389-037BE0695223}
		{0564BCAC-88FE-495C-BDB6-F4E0A10FAC7C} = {0AB3BF05-4346-4AA6-1389-037BE0695223}
	EndGlobalSection
EndGlobal
